// !$*UTF8*$!
{
	archiveVersion = 1;
	classes = {
	};
	objectVersion = 50;
	objects = {

/* Begin PBXBuildFile section */
		B85EFB4025BD66E200DC9808 /* AppDelegate.swift in Sources */ = {isa = PBXBuildFile; fileRef = B85EFB3F25BD66E200DC9808 /* AppDelegate.swift */; };
		B85EFB4225BD66E200DC9808 /* SceneDelegate.swift in Sources */ = {isa = PBXBuildFile; fileRef = B85EFB4125BD66E200DC9808 /* SceneDelegate.swift */; };
		B85EFB4425BD66E200DC9808 /* ViewController.swift in Sources */ = {isa = PBXBuildFile; fileRef = B85EFB4325BD66E200DC9808 /* ViewController.swift */; };
		B85EFB4725BD66E200DC9808 /* Main.storyboard in Resources */ = {isa = PBXBuildFile; fileRef = B85EFB4525BD66E200DC9808 /* Main.storyboard */; };
		B85EFB4925BD66E600DC9808 /* Assets.xcassets in Resources */ = {isa = PBXBuildFile; fileRef = B85EFB4825BD66E600DC9808 /* Assets.xcassets */; };
		B85EFB4C25BD66E600DC9808 /* LaunchScreen.storyboard in Resources */ = {isa = PBXBuildFile; fileRef = B85EFB4A25BD66E600DC9808 /* LaunchScreen.storyboard */; };
		B85EFB5525BD689F00DC9808 /* AmazingTabBar.swift in Sources */ = {isa = PBXBuildFile; fileRef = B85EFB5425BD689F00DC9808 /* AmazingTabBar.swift */; };
/* End PBXBuildFile section */

/* Begin PBXFileReference section */
		B85EFB3C25BD66E200DC9808 /* AmazingTabBar.app */ = {isa = PBXFileReference; explicitFileType = wrapper.application; includeInIndex = 0; path = AmazingTabBar.app; sourceTree = BUILT_PRODUCTS_DIR; };
		B85EFB3F25BD66E200DC9808 /* AppDelegate.swift */ = {isa = PBXFileReference; lastKnownFileType = sourcecode.swift; path = AppDelegate.swift; sourceTree = "<group>"; };
		B85EFB4125BD66E200DC9808 /* SceneDelegate.swift */ = {isa = PBXFileReference; lastKnownFileType = sourcecode.swift; path = SceneDelegate.swift; sourceTree = "<group>"; };
		B85EFB4325BD66E200DC9808 /* ViewController.swift */ = {isa = PBXFileReference; lastKnownFileType = sourcecode.swift; path = ViewController.swift; sourceTree = "<group>"; };
		B85EFB4625BD66E200DC9808 /* Base */ = {isa = PBXFileReference; lastKnownFileType = file.storyboard; name = Base; path = Base.lproj/Main.storyboard; sourceTree = "<group>"; };
		B85EFB4825BD66E600DC9808 /* Assets.xcassets */ = {isa = PBXFileReference; lastKnownFileType = folder.assetcatalog; path = Assets.xcassets; sourceTree = "<group>"; };
		B85EFB4B25BD66E600DC9808 /* Base */ = {isa = PBXFileReference; lastKnownFileType = file.storyboard; name = Base; path = Base.lproj/LaunchScreen.storyboard; sourceTree = "<group>"; };
		B85EFB4D25BD66E600DC9808 /* Info.plist */ = {isa = PBXFileReference; lastKnownFileType = text.plist.xml; path = Info.plist; sourceTree = "<group>"; };
		B85EFB5425BD689F00DC9808 /* AmazingTabBar.swift */ = {isa = PBXFileReference; lastKnownFileType = sourcecode.swift; path = AmazingTabBar.swift; sourceTree = "<group>"; };
/* End PBXFileReference section */

/* Begin PBXFrameworksBuildPhase section */
		B85EFB3925BD66E200DC9808 /* Frameworks */ = {
			isa = PBXFrameworksBuildPhase;
			buildActionMask = 2147483647;
			files = (
			);
			runOnlyForDeploymentPostprocessing = 0;
		};
/* End PBXFrameworksBuildPhase section */

/* Begin PBXGroup section */
		B85EFB3325BD66E200DC9808 = {
			isa = PBXGroup;
			children = (
				B85EFB3E25BD66E200DC9808 /* AmazingTabBar */,
				B85EFB3D25BD66E200DC9808 /* Products */,
			);
			sourceTree = "<group>";
		};
		B85EFB3D25BD66E200DC9808 /* Products */ = {
			isa = PBXGroup;
			children = (
				B85EFB3C25BD66E200DC9808 /* AmazingTabBar.app */,
			);
			name = Products;
			sourceTree = "<group>";
		};
		B85EFB3E25BD66E200DC9808 /* AmazingTabBar */ = {
			isa = PBXGroup;
			children = (
				B85EFB3F25BD66E200DC9808 /* AppDelegate.swift */,
				B85EFB4125BD66E200DC9808 /* SceneDelegate.swift */,
				B85EFB4325BD66E200DC9808 /* ViewController.swift */,
				B85EFB4525BD66E200DC9808 /* Main.storyboard */,
				B85EFB4825BD66E600DC9808 /* Assets.xcassets */,
				B85EFB4A25BD66E600DC9808 /* LaunchScreen.storyboard */,
				B85EFB4D25BD66E600DC9808 /* Info.plist */,
				B85EFB5425BD689F00DC9808 /* AmazingTabBar.swift */,
			);
			path = AmazingTabBar;
			sourceTree = "<group>";
		};
/* End PBXGroup section */

/* Begin PBXNativeTarget section */
		B85EFB3B25BD66E200DC9808 /* AmazingTabBar */ = {
			isa = PBXNativeTarget;
			buildConfigurationList = B85EFB5025BD66E600DC9808 /* Build configuration list for PBXNativeTarget "AmazingTabBar" */;
			buildPhases = (
				B85EFB3825BD66E200DC9808 /* Sources */,
				B85EFB3925BD66E200DC9808 /* Frameworks */,
				B85EFB3A25BD66E200DC9808 /* Resources */,
			);
			buildRules = (
			);
			dependencies = (
			);
			name = AmazingTabBar;
			productName = AmazingTabBar;
			productReference = B85EFB3C25BD66E200DC9808 /* AmazingTabBar.app */;
			productType = "com.apple.product-type.application";
		};
/* End PBXNativeTarget section */

/* Begin PBXProject section */
		B85EFB3425BD66E200DC9808 /* Project object */ = {
			isa = PBXProject;
			attributes = {
				LastSwiftUpdateCheck = 1230;
				LastUpgradeCheck = 1230;
				TargetAttributes = {
					B85EFB3B25BD66E200DC9808 = {
						CreatedOnToolsVersion = 12.3;
					};
				};
			};
			buildConfigurationList = B85EFB3725BD66E200DC9808 /* Build configuration list for PBXProject "AmazingTabBar" */;
			compatibilityVersion = "Xcode 9.3";
			developmentRegion = en;
			hasScannedForEncodings = 0;
			knownRegions = (
				en,
				Base,
			);
			mainGroup = B85EFB3325BD66E200DC9808;
			productRefGroup = B85EFB3D25BD66E200DC9808 /* Products */;
			projectDirPath = "";
			projectRoot = "";
			targets = (
				B85EFB3B25BD66E200DC9808 /* AmazingTabBar */,
			);
		};
/* End PBXProject section */

/* Begin PBXResourcesBuildPhase section */
		B85EFB3A25BD66E200DC9808 /* Resources */ = {
			isa = PBXResourcesBuildPhase;
			buildActionMask = 2147483647;
			files = (
				B85EFB4C25BD66E600DC9808 /* LaunchScreen.storyboard in Resources */,
				B85EFB4925BD66E600DC9808 /* Assets.xcassets in Resources */,
				B85EFB4725BD66E200DC9808 /* Main.storyboard in Resources */,
			);
			runOnlyForDeploymentPostprocessing = 0;
		};
/* End PBXResourcesBuildPhase section */

/* Begin PBXSourcesBuildPhase section */
		B85EFB3825BD66E200DC9808 /* Sources */ = {
			isa = PBXSourcesBuildPhase;
			buildActionMask = 2147483647;
			files = (
				B85EFB4425BD66E200DC9808 /* ViewController.swift in Sources */,
				B85EFB5525BD689F00DC9808 /* AmazingTabBar.swift in Sources */,
				B85EFB4025BD66E200DC9808 /* AppDelegate.swift in Sources */,
				B85EFB4225BD66E200DC9808 /* SceneDelegate.swift in Sources */,
			);
			runOnlyForDeploymentPostprocessing = 0;
		};
/* End PBXSourcesBuildPhase section */

/* Begin PBXVariantGroup section */
		B85EFB4525BD66E200DC9808 /* Main.storyboard */ = {
			isa = PBXVariantGroup;
			children = (
				B85EFB4625BD66E200DC9808 /* Base */,
			);
			name = Main.storyboard;
			sourceTree = "<group>";
		};
		B85EFB4A25BD66E600DC9808 /* LaunchScreen.storyboard */ = {
			isa = PBXVariantGroup;
			children = (
				B85EFB4B25BD66E600DC9808 /* Base */,
			);
			name = LaunchScreen.storyboard;
			sourceTree = "<group>";
		};
/* End PBXVariantGroup section */

/* Begin XCBuildConfiguration section */
		B85EFB4E25BD66E600DC9808 /* Debug */ = {
			isa = XCBuildConfiguration;
			buildSettings = {
				ALWAYS_SEARCH_USER_PATHS = NO;
				CLANG_ANALYZER_NONNULL = YES;
				CLANG_ANALYZER_NUMBER_OBJECT_CONVERSION = YES_AGGRESSIVE;
				CLANG_CXX_LANGUAGE_STANDARD = "gnu++14";
				CLANG_CXX_LIBRARY = "libc++";
				CLANG_ENABLE_MODULES = YES;
				CLANG_ENABLE_OBJC_ARC = YES;
				CLANG_ENABLE_OBJC_WEAK = YES;
				CLANG_WARN_BLOCK_CAPTURE_AUTORELEASING = YES;
				CLANG_WARN_BOOL_CONVERSION = YES;
				CLANG_WARN_COMMA = YES;
				CLANG_WARN_CONSTANT_CONVERSION = YES;
				CLANG_WARN_DEPRECATED_OBJC_IMPLEMENTATIONS = YES;
				CLANG_WARN_DIRECT_OBJC_ISA_USAGE = YES_ERROR;
				CLANG_WARN_DOCUMENTATION_COMMENTS = YES;
				CLANG_WARN_EMPTY_BODY = YES;
				CLANG_WARN_ENUM_CONVERSION = YES;
				CLANG_WARN_INFINITE_RECURSION = YES;
				CLANG_WARN_INT_CONVERSION = YES;
				CLANG_WARN_NON_LITERAL_NULL_CONVERSION = YES;
				CLANG_WARN_OBJC_IMPLICIT_RETAIN_SELF = YES;
				CLANG_WARN_OBJC_LITERAL_CONVERSION = YES;
				CLANG_WARN_OBJC_ROOT_CLASS = YES_ERROR;
				CLANG_WARN_QUOTED_INCLUDE_IN_FRAMEWORK_HEADER = YES;
				CLANG_WARN_RANGE_LOOP_ANALYSIS = YES;
				CLANG_WARN_STRICT_PROTOTYPES = YES;
				CLANG_WARN_SUSPICIOUS_MOVE = YES;
				CLANG_WARN_UNGUARDED_AVAILABILITY = YES_AGGRESSIVE;
				CLANG_WARN_UNREACHABLE_CODE = YES;
				CLANG_WARN__DUPLICATE_METHOD_MATCH = YES;
				COPY_PHASE_STRIP = NO;
				DEBUG_INFORMATION_FORMAT = dwarf;
				ENABLE_STRICT_OBJC_MSGSEND = YES;
				ENABLE_TESTABILITY = YES;
				GCC_C_LANGUAGE_STANDARD = gnu11;
				GCC_DYNAMIC_NO_PIC = NO;
				GCC_NO_COMMON_BLOCKS = YES;
				GCC_OPTIMIZATION_LEVEL = 0;
				GCC_PREPROCESSOR_DEFINITIONS = (
					"DEBUG=1",
					"$(inherited)",
				);
				GCC_WARN_64_TO_32_BIT_CONVERSION = YES;
				GCC_WARN_ABOUT_RETURN_TYPE = YES_ERROR;
				GCC_WARN_UNDECLARED_SELECTOR = YES;
				GCC_WARN_UNINITIALIZED_AUTOS = YES_AGGRESSIVE;
				GCC_WARN_UNUSED_FUNCTION = YES;
				GCC_WARN_UNUSED_VARIABLE = YES;
				IPHONEOS_DEPLOYMENT_TARGET = 14.3;
				MTL_ENABLE_DEBUG_INFO = INCLUDE_SOURCE;
				MTL_FAST_MATH = YES;
				ONLY_ACTIVE_ARCH = YES;
				SDKROOT = iphoneos;
				SWIFT_ACTIVE_COMPILATION_CONDITIONS = DEBUG;
				SWIFT_OPTIMIZATION_LEVEL = "-Onone";
			};
			name = Debug;
		};
		B85EFB4F25BD66E600DC9808 /* Release */ = {
			isa = XCBuildConfiguration;
			buildSettings = {
				ALWAYS_SEARCH_USER_PATHS = NO;
				CLANG_ANALYZER_NONNULL = YES;
				CLANG_ANALYZER_NUMBER_OBJECT_CONVERSION = YES_AGGRESSIVE;
				CLANG_CXX_LANGUAGE_STANDARD = "gnu++14";
				CLANG_CXX_LIBRARY = "libc++";
				CLANG_ENABLE_MODULES = YES;
				CLANG_ENABLE_OBJC_ARC = YES;
				CLANG_ENABLE_OBJC_WEAK = YES;
				CLANG_WARN_BLOCK_CAPTURE_AUTORELEASING = YES;
				CLANG_WARN_BOOL_CONVERSION = YES;
				CLANG_WARN_COMMA = YES;
				CLANG_WARN_CONSTANT_CONVERSION = YES;
				CLANG_WARN_DEPRECATED_OBJC_IMPLEMENTATIONS = YES;
				CLANG_WARN_DIRECT_OBJC_ISA_USAGE = YES_ERROR;
				CLANG_WARN_DOCUMENTATION_COMMENTS = YES;
				CLANG_WARN_EMPTY_BODY = YES;
				CLANG_WARN_ENUM_CONVERSION = YES;
				CLANG_WARN_INFINITE_RECURSION = YES;
				CLANG_WARN_INT_CONVERSION = YES;
				CLANG_WARN_NON_LITERAL_NULL_CONVERSION = YES;
				CLANG_WARN_OBJC_IMPLICIT_RETAIN_SELF = YES;
				CLANG_WARN_OBJC_LITERAL_CONVERSION = YES;
				CLANG_WARN_OBJC_ROOT_CLASS = YES_ERROR;
				CLANG_WARN_QUOTED_INCLUDE_IN_FRAMEWORK_HEADER = YES;
				CLANG_WARN_RANGE_LOOP_ANALYSIS = YES;
				CLANG_WARN_STRICT_PROTOTYPES = YES;
				CLANG_WARN_SUSPICIOUS_MOVE = YES;
				CLANG_WARN_UNGUARDED_AVAILABILITY = YES_AGGRESSIVE;
				CLANG_WARN_UNREACHABLE_CODE = YES;
				CLANG_WARN__DUPLICATE_METHOD_MATCH = YES;
				COPY_PHASE_STRIP = NO;
				DEBUG_INFORMATION_FORMAT = "dwarf-with-dsym";
				ENABLE_NS_ASSERTIONS = NO;
				ENABLE_STRICT_OBJC_MSGSEND = YES;
				GCC_C_LANGUAGE_STANDARD = gnu11;
				GCC_NO_COMMON_BLOCKS = YES;
				GCC_WARN_64_TO_32_BIT_CONVERSION = YES;
				GCC_WARN_ABOUT_RETURN_TYPE = YES_ERROR;
				GCC_WARN_UNDECLARED_SELECTOR = YES;
				GCC_WARN_UNINITIALIZED_AUTOS = YES_AGGRESSIVE;
				GCC_WARN_UNUSED_FUNCTION = YES;
				GCC_WARN_UNUSED_VARIABLE = YES;
				IPHONEOS_DEPLOYMENT_TARGET = 14.3;
				MTL_ENABLE_DEBUG_INFO = NO;
				MTL_FAST_MATH = YES;
				SDKROOT = iphoneos;
				SWIFT_COMPILATION_MODE = wholemodule;
				SWIFT_OPTIMIZATION_LEVEL = "-O";
				VALIDATE_PRODUCT = YES;
			};
			name = Release;
		};
		B85EFB5125BD66E600DC9808 /* Debug */ = {
			isa = XCBuildConfiguration;
			buildSettings = {
				ASSETCATALOG_COMPILER_APPICON_NAME = AppIcon;
				ASSETCATALOG_COMPILER_GLOBAL_ACCENT_COLOR_NAME = AccentColor;
				CODE_SIGN_STYLE = Automatic;
				DEVELOPMENT_TEAM = ATS36AY4LN;
				INFOPLIST_FILE = AmazingTabBar/Info.plist;
				LD_RUNPATH_SEARCH_PATHS = (
					"$(inherited)",
					"@executable_path/Frameworks",
				);
				PRODUCT_BUNDLE_IDENTIFIER = com.dragonborn.AmazingTabBar;
				PRODUCT_NAME = "$(TARGET_NAME)";
				SWIFT_VERSION = 5.0;
				TARGETED_DEVICE_FAMILY = "1,2";
			};
			name = Debug;
		};
		B85EFB5225BD66E600DC9808 /* Release */ = {
			isa = XCBuildConfiguration;
			buildSettings = {
				ASSETCATALOG_COMPILER_APPICON_NAME = AppIcon;
				ASSETCATALOG_COMPILER_GLOBAL_ACCENT_COLOR_NAME = AccentColor;
				CODE_SIGN_STYLE = Automatic;
				DEVELOPMENT_TEAM = ATS36AY4LN;
				INFOPLIST_FILE = AmazingTabBar/Info.plist;
				LD_RUNPATH_SEARCH_PATHS = (
					"$(inherited)",
					"@executable_path/Frameworks",
				);
				PRODUCT_BUNDLE_IDENTIFIER = com.dragonborn.AmazingTabBar;
				PRODUCT_NAME = "$(TARGET_NAME)";
				SWIFT_VERSION = 5.0;
				TARGETED_DEVICE_FAMILY = "1,2";
			};
			name = Release;
		};
/* End XCBuildConfiguration section */

/* Begin XCConfigurationList section */
		B85EFB3725BD66E200DC9808 /* Build configuration list for PBXProject "AmazingTabBar" */ = {
			isa = XCConfigurationList;
			buildConfigurations = (
				B85EFB4E25BD66E600DC9808 /* Debug */,
				B85EFB4F25BD66E600DC9808 /* Release */,
			);
			defaultConfigurationIsVisible = 0;
			defaultConfigurationName = Release;
		};
		B85EFB5025BD66E600DC9808 /* Build configuration list for PBXNativeTarget "AmazingTabBar" */ = {
			isa = XCConfigurationList;
			buildConfigurations = (
				B85EFB5125BD66E600DC9808 /* Debug */,
				B85EFB5225BD66E600DC9808 /* Release */,
			);
			defaultConfigurationIsVisible = 0;
			defaultConfigurationName = Release;
		};
/* End XCConfigurationList section */
	};
	rootObject = B85EFB3425BD66E200DC9808 /* Project object */;
}
